// !$*UTF8*$!
{
	archiveVersion = 1;
	classes = {
	};
	objectVersion = 55;
	objects = {

/* Begin PBXBuildFile section */
		783CEFB82801DA0E009708EF /* CPKCoreLabel.swift in Sources */ = {isa = PBXBuildFile; fileRef = 783CEFB72801DA0E009708EF /* CPKCoreLabel.swift */; };
		783CEFBA2801DA92009708EF /* CPKLabel.swift in Sources */ = {isa = PBXBuildFile; fileRef = 783CEFB92801DA92009708EF /* CPKLabel.swift */; };
		78ACE714280164D200AF30F7 /* CPKImageView.swift in Sources */ = {isa = PBXBuildFile; fileRef = 78ACE713280164D200AF30F7 /* CPKImageView.swift */; };
		78F57B1827FDBC8200F23921 /* AppDelegate.swift in Sources */ = {isa = PBXBuildFile; fileRef = 78F57B1727FDBC8200F23921 /* AppDelegate.swift */; };
		78F57B1A27FDBC8200F23921 /* SceneDelegate.swift in Sources */ = {isa = PBXBuildFile; fileRef = 78F57B1927FDBC8200F23921 /* SceneDelegate.swift */; };
		78F57B1C27FDBC8200F23921 /* ViewController.swift in Sources */ = {isa = PBXBuildFile; fileRef = 78F57B1B27FDBC8200F23921 /* ViewController.swift */; };
		78F57B1F27FDBC8200F23921 /* Main.storyboard in Resources */ = {isa = PBXBuildFile; fileRef = 78F57B1D27FDBC8200F23921 /* Main.storyboard */; };
		78F57B2127FDBC8500F23921 /* Assets.xcassets in Resources */ = {isa = PBXBuildFile; fileRef = 78F57B2027FDBC8500F23921 /* Assets.xcassets */; };
		78F57B2427FDBC8500F23921 /* LaunchScreen.storyboard in Resources */ = {isa = PBXBuildFile; fileRef = 78F57B2227FDBC8500F23921 /* LaunchScreen.storyboard */; };
		78F57B2D27FDBD4F00F23921 /* CVPixelBufferSupport.swift in Sources */ = {isa = PBXBuildFile; fileRef = 78F57B2C27FDBD4F00F23921 /* CVPixelBufferSupport.swift */; };
		78F57B2F27FDDD6B00F23921 /* CMSampleBufferSupport.swift in Sources */ = {isa = PBXBuildFile; fileRef = 78F57B2E27FDDD6B00F23921 /* CMSampleBufferSupport.swift */; };
/* End PBXBuildFile section */

/* Begin PBXFileReference section */
		783CEFB72801DA0E009708EF /* CPKCoreLabel.swift */ = {isa = PBXFileReference; lastKnownFileType = sourcecode.swift; path = CPKCoreLabel.swift; sourceTree = "<group>"; };
		783CEFB92801DA92009708EF /* CPKLabel.swift */ = {isa = PBXFileReference; lastKnownFileType = sourcecode.swift; path = CPKLabel.swift; sourceTree = "<group>"; };
		78ACE713280164D200AF30F7 /* CPKImageView.swift */ = {isa = PBXFileReference; lastKnownFileType = sourcecode.swift; path = CPKImageView.swift; sourceTree = "<group>"; };
		78F57B1427FDBC8200F23921 /* CapturePreventionKitSwift.app */ = {isa = PBXFileReference; explicitFileType = wrapper.application; includeInIndex = 0; path = CapturePreventionKitSwift.app; sourceTree = BUILT_PRODUCTS_DIR; };
		78F57B1727FDBC8200F23921 /* AppDelegate.swift */ = {isa = PBXFileReference; lastKnownFileType = sourcecode.swift; path = AppDelegate.swift; sourceTree = "<group>"; };
		78F57B1927FDBC8200F23921 /* SceneDelegate.swift */ = {isa = PBXFileReference; lastKnownFileType = sourcecode.swift; path = SceneDelegate.swift; sourceTree = "<group>"; };
		78F57B1B27FDBC8200F23921 /* ViewController.swift */ = {isa = PBXFileReference; lastKnownFileType = sourcecode.swift; path = ViewController.swift; sourceTree = "<group>"; };
		78F57B1E27FDBC8200F23921 /* Base */ = {isa = PBXFileReference; lastKnownFileType = file.storyboard; name = Base; path = Base.lproj/Main.storyboard; sourceTree = "<group>"; };
		78F57B2027FDBC8500F23921 /* Assets.xcassets */ = {isa = PBXFileReference; lastKnownFileType = folder.assetcatalog; path = Assets.xcassets; sourceTree = "<group>"; };
		78F57B2327FDBC8500F23921 /* Base */ = {isa = PBXFileReference; lastKnownFileType = file.storyboard; name = Base; path = Base.lproj/LaunchScreen.storyboard; sourceTree = "<group>"; };
		78F57B2527FDBC8500F23921 /* Info.plist */ = {isa = PBXFileReference; lastKnownFileType = text.plist.xml; path = Info.plist; sourceTree = "<group>"; };
		78F57B2C27FDBD4F00F23921 /* CVPixelBufferSupport.swift */ = {isa = PBXFileReference; lastKnownFileType = sourcecode.swift; path = CVPixelBufferSupport.swift; sourceTree = "<group>"; };
		78F57B2E27FDDD6B00F23921 /* CMSampleBufferSupport.swift */ = {isa = PBXFileReference; lastKnownFileType = sourcecode.swift; path = CMSampleBufferSupport.swift; sourceTree = "<group>"; };
/* End PBXFileReference section */

/* Begin PBXFrameworksBuildPhase section */
		78F57B1127FDBC8200F23921 /* Frameworks */ = {
			isa = PBXFrameworksBuildPhase;
			buildActionMask = 2147483647;
			files = (
			);
			runOnlyForDeploymentPostprocessing = 0;
		};
/* End PBXFrameworksBuildPhase section */

/* Begin PBXGroup section */
		78F57B0B27FDBC8200F23921 = {
			isa = PBXGroup;
			children = (
				78F57B1627FDBC8200F23921 /* CapturePreventionKitSwift */,
				78F57B1527FDBC8200F23921 /* Products */,
			);
			sourceTree = "<group>";
		};
		78F57B1527FDBC8200F23921 /* Products */ = {
			isa = PBXGroup;
			children = (
				78F57B1427FDBC8200F23921 /* CapturePreventionKitSwift.app */,
			);
			name = Products;
			sourceTree = "<group>";
		};
		78F57B1627FDBC8200F23921 /* CapturePreventionKitSwift */ = {
			isa = PBXGroup;
			children = (
				78F57B2B27FDBD0900F23921 /* Module */,
				78F57B1727FDBC8200F23921 /* AppDelegate.swift */,
				78F57B1927FDBC8200F23921 /* SceneDelegate.swift */,
				78F57B1B27FDBC8200F23921 /* ViewController.swift */,
				78F57B1D27FDBC8200F23921 /* Main.storyboard */,
				78F57B2027FDBC8500F23921 /* Assets.xcassets */,
				78F57B2227FDBC8500F23921 /* LaunchScreen.storyboard */,
				78F57B2527FDBC8500F23921 /* Info.plist */,
			);
			path = CapturePreventionKitSwift;
			sourceTree = "<group>";
		};
		78F57B2B27FDBD0900F23921 /* Module */ = {
			isa = PBXGroup;
			children = (
				78F57B2C27FDBD4F00F23921 /* CVPixelBufferSupport.swift */,
				78F57B2E27FDDD6B00F23921 /* CMSampleBufferSupport.swift */,
				78ACE713280164D200AF30F7 /* CPKImageView.swift */,
				783CEFB72801DA0E009708EF /* CPKCoreLabel.swift */,
				783CEFB92801DA92009708EF /* CPKLabel.swift */,
			);
			path = Module;
			sourceTree = "<group>";
		};
/* End PBXGroup section */

/* Begin PBXNativeTarget section */
		78F57B1327FDBC8200F23921 /* CapturePreventionKitSwift */ = {
			isa = PBXNativeTarget;
			buildConfigurationList = 78F57B2827FDBC8500F23921 /* Build configuration list for PBXNativeTarget "CapturePreventionKitSwift" */;
			buildPhases = (
				78F57B1027FDBC8200F23921 /* Sources */,
				78F57B1127FDBC8200F23921 /* Frameworks */,
				78F57B1227FDBC8200F23921 /* Resources */,
			);
			buildRules = (
			);
			dependencies = (
			);
			name = CapturePreventionKitSwift;
			productName = CapturePreventionKitSwift;
			productReference = 78F57B1427FDBC8200F23921 /* CapturePreventionKitSwift.app */;
			productType = "com.apple.product-type.application";
		};
/* End PBXNativeTarget section */

/* Begin PBXProject section */
		78F57B0C27FDBC8200F23921 /* Project object */ = {
			isa = PBXProject;
			attributes = {
				BuildIndependentTargetsInParallel = 1;
				LastSwiftUpdateCheck = 1330;
				LastUpgradeCheck = 1330;
				TargetAttributes = {
					78F57B1327FDBC8200F23921 = {
						CreatedOnToolsVersion = 13.3;
					};
				};
			};
			buildConfigurationList = 78F57B0F27FDBC8200F23921 /* Build configuration list for PBXProject "CapturePreventionKitSwift" */;
			compatibilityVersion = "Xcode 13.0";
			developmentRegion = en;
			hasScannedForEncodings = 0;
			knownRegions = (
				en,
				Base,
			);
			mainGroup = 78F57B0B27FDBC8200F23921;
			productRefGroup = 78F57B1527FDBC8200F23921 /* Products */;
			projectDirPath = "";
			projectRoot = "";
			targets = (
				78F57B1327FDBC8200F23921 /* CapturePreventionKitSwift */,
			);
		};
/* End PBXProject section */

/* Begin PBXResourcesBuildPhase section */
		78F57B1227FDBC8200F23921 /* Resources */ = {
			isa = PBXResourcesBuildPhase;
			buildActionMask = 2147483647;
			files = (
				78F57B2427FDBC8500F23921 /* LaunchScreen.storyboard in Resources */,
				78F57B2127FDBC8500F23921 /* Assets.xcassets in Resources */,
				78F57B1F27FDBC8200F23921 /* Main.storyboard in Resources */,
			);
			runOnlyForDeploymentPostprocessing = 0;
		};
/* End PBXResourcesBuildPhase section */

/* Begin PBXSourcesBuildPhase section */
		78F57B1027FDBC8200F23921 /* Sources */ = {
			isa = PBXSourcesBuildPhase;
			buildActionMask = 2147483647;
			files = (
				78F57B2F27FDDD6B00F23921 /* CMSampleBufferSupport.swift in Sources */,
				78F57B1C27FDBC8200F23921 /* ViewController.swift in Sources */,
				78F57B1827FDBC8200F23921 /* AppDelegate.swift in Sources */,
				78F57B1A27FDBC8200F23921 /* SceneDelegate.swift in Sources */,
				783CEFB82801DA0E009708EF /* CPKCoreLabel.swift in Sources */,
				78F57B2D27FDBD4F00F23921 /* CVPixelBufferSupport.swift in Sources */,
				78ACE714280164D200AF30F7 /* CPKImageView.swift in Sources */,
				783CEFBA2801DA92009708EF /* CPKLabel.swift in Sources */,
			);
			runOnlyForDeploymentPostprocessing = 0;
		};
/* End PBXSourcesBuildPhase section */

/* Begin PBXVariantGroup section */
		78F57B1D27FDBC8200F23921 /* Main.storyboard */ = {
			isa = PBXVariantGroup;
			children = (
				78F57B1E27FDBC8200F23921 /* Base */,
			);
			name = Main.storyboard;
			sourceTree = "<group>";
		};
		78F57B2227FDBC8500F23921 /* LaunchScreen.storyboard */ = {
			isa = PBXVariantGroup;
			children = (
				78F57B2327FDBC8500F23921 /* Base */,
			);
			name = LaunchScreen.storyboard;
			sourceTree = "<group>";
		};
/* End PBXVariantGroup section */

/* Begin XCBuildConfiguration section */
		78F57B2627FDBC8500F23921 /* Debug */ = {
			isa = XCBuildConfiguration;
			buildSettings = {
				ALWAYS_SEARCH_USER_PATHS = NO;
				CLANG_ANALYZER_NONNULL = YES;
				CLANG_ANALYZER_NUMBER_OBJECT_CONVERSION = YES_AGGRESSIVE;
				CLANG_CXX_LANGUAGE_STANDARD = "gnu++17";
				CLANG_ENABLE_MODULES = YES;
				CLANG_ENABLE_OBJC_ARC = YES;
				CLANG_ENABLE_OBJC_WEAK = YES;
				CLANG_WARN_BLOCK_CAPTURE_AUTORELEASING = YES;
				CLANG_WARN_BOOL_CONVERSION = YES;
				CLANG_WARN_COMMA = YES;
				CLANG_WARN_CONSTANT_CONVERSION = YES;
				CLANG_WARN_DEPRECATED_OBJC_IMPLEMENTATIONS = YES;
				CLANG_WARN_DIRECT_OBJC_ISA_USAGE = YES_ERROR;
				CLANG_WARN_DOCUMENTATION_COMMENTS = YES;
				CLANG_WARN_EMPTY_BODY = YES;
				CLANG_WARN_ENUM_CONVERSION = YES;
				CLANG_WARN_INFINITE_RECURSION = YES;
				CLANG_WARN_INT_CONVERSION = YES;
				CLANG_WARN_NON_LITERAL_NULL_CONVERSION = YES;
				CLANG_WARN_OBJC_IMPLICIT_RETAIN_SELF = YES;
				CLANG_WARN_OBJC_LITERAL_CONVERSION = YES;
				CLANG_WARN_OBJC_ROOT_CLASS = YES_ERROR;
				CLANG_WARN_QUOTED_INCLUDE_IN_FRAMEWORK_HEADER = YES;
				CLANG_WARN_RANGE_LOOP_ANALYSIS = YES;
				CLANG_WARN_STRICT_PROTOTYPES = YES;
				CLANG_WARN_SUSPICIOUS_MOVE = YES;
				CLANG_WARN_UNGUARDED_AVAILABILITY = YES_AGGRESSIVE;
				CLANG_WARN_UNREACHABLE_CODE = YES;
				CLANG_WARN__DUPLICATE_METHOD_MATCH = YES;
				COPY_PHASE_STRIP = NO;
				DEBUG_INFORMATION_FORMAT = dwarf;
				ENABLE_STRICT_OBJC_MSGSEND = YES;
				ENABLE_TESTABILITY = YES;
				GCC_C_LANGUAGE_STANDARD = gnu11;
				GCC_DYNAMIC_NO_PIC = NO;
				GCC_NO_COMMON_BLOCKS = YES;
				GCC_OPTIMIZATION_LEVEL = 0;
				GCC_PREPROCESSOR_DEFINITIONS = (
					"DEBUG=1",
					"$(inherited)",
				);
				GCC_WARN_64_TO_32_BIT_CONVERSION = YES;
				GCC_WARN_ABOUT_RETURN_TYPE = YES_ERROR;
				GCC_WARN_UNDECLARED_SELECTOR = YES;
				GCC_WARN_UNINITIALIZED_AUTOS = YES_AGGRESSIVE;
				GCC_WARN_UNUSED_FUNCTION = YES;
				GCC_WARN_UNUSED_VARIABLE = YES;
				IPHONEOS_DEPLOYMENT_TARGET = 15.2;
				MTL_ENABLE_DEBUG_INFO = INCLUDE_SOURCE;
				MTL_FAST_MATH = YES;
				ONLY_ACTIVE_ARCH = YES;
				SDKROOT = iphoneos;
				SWIFT_ACTIVE_COMPILATION_CONDITIONS = DEBUG;
				SWIFT_OPTIMIZATION_LEVEL = "-Onone";
			};
			name = Debug;
		};
		78F57B2727FDBC8500F23921 /* Release */ = {
			isa = XCBuildConfiguration;
			buildSettings = {
				ALWAYS_SEARCH_USER_PATHS = NO;
				CLANG_ANALYZER_NONNULL = YES;
				CLANG_ANALYZER_NUMBER_OBJECT_CONVERSION = YES_AGGRESSIVE;
				CLANG_CXX_LANGUAGE_STANDARD = "gnu++17";
				CLANG_ENABLE_MODULES = YES;
				CLANG_ENABLE_OBJC_ARC = YES;
				CLANG_ENABLE_OBJC_WEAK = YES;
				CLANG_WARN_BLOCK_CAPTURE_AUTORELEASING = YES;
				CLANG_WARN_BOOL_CONVERSION = YES;
				CLANG_WARN_COMMA = YES;
				CLANG_WARN_CONSTANT_CONVERSION = YES;
				CLANG_WARN_DEPRECATED_OBJC_IMPLEMENTATIONS = YES;
				CLANG_WARN_DIRECT_OBJC_ISA_USAGE = YES_ERROR;
				CLANG_WARN_DOCUMENTATION_COMMENTS = YES;
				CLANG_WARN_EMPTY_BODY = YES;
				CLANG_WARN_ENUM_CONVERSION = YES;
				CLANG_WARN_INFINITE_RECURSION = YES;
				CLANG_WARN_INT_CONVERSION = YES;
				CLANG_WARN_NON_LITERAL_NULL_CONVERSION = YES;
				CLANG_WARN_OBJC_IMPLICIT_RETAIN_SELF = YES;
				CLANG_WARN_OBJC_LITERAL_CONVERSION = YES;
				CLANG_WARN_OBJC_ROOT_CLASS = YES_ERROR;
				CLANG_WARN_QUOTED_INCLUDE_IN_FRAMEWORK_HEADER = YES;
				CLANG_WARN_RANGE_LOOP_ANALYSIS = YES;
				CLANG_WARN_STRICT_PROTOTYPES = YES;
				CLANG_WARN_SUSPICIOUS_MOVE = YES;
				CLANG_WARN_UNGUARDED_AVAILABILITY = YES_AGGRESSIVE;
				CLANG_WARN_UNREACHABLE_CODE = YES;
				CLANG_WARN__DUPLICATE_METHOD_MATCH = YES;
				COPY_PHASE_STRIP = NO;
				DEBUG_INFORMATION_FORMAT = "dwarf-with-dsym";
				ENABLE_NS_ASSERTIONS = NO;
				ENABLE_STRICT_OBJC_MSGSEND = YES;
				GCC_C_LANGUAGE_STANDARD = gnu11;
				GCC_NO_COMMON_BLOCKS = YES;
				GCC_WARN_64_TO_32_BIT_CONVERSION = YES;
				GCC_WARN_ABOUT_RETURN_TYPE = YES_ERROR;
				GCC_WARN_UNDECLARED_SELECTOR = YES;
				GCC_WARN_UNINITIALIZED_AUTOS = YES_AGGRESSIVE;
				GCC_WARN_UNUSED_FUNCTION = YES;
				GCC_WARN_UNUSED_VARIABLE = YES;
				IPHONEOS_DEPLOYMENT_TARGET = 15.2;
				MTL_ENABLE_DEBUG_INFO = NO;
				MTL_FAST_MATH = YES;
				SDKROOT = iphoneos;
				SWIFT_COMPILATION_MODE = wholemodule;
				SWIFT_OPTIMIZATION_LEVEL = "-O";
				VALIDATE_PRODUCT = YES;
			};
			name = Release;
		};
		78F57B2927FDBC8500F23921 /* Debug */ = {
			isa = XCBuildConfiguration;
			buildSettings = {
				ASSETCATALOG_COMPILER_APPICON_NAME = AppIcon;
				ASSETCATALOG_COMPILER_GLOBAL_ACCENT_COLOR_NAME = AccentColor;
				CODE_SIGN_STYLE = Automatic;
				CURRENT_PROJECT_VERSION = 1;
				DEVELOPMENT_TEAM = P4ZJYAK634;
				GENERATE_INFOPLIST_FILE = YES;
				INFOPLIST_FILE = CapturePreventionKitSwift/Info.plist;
				INFOPLIST_KEY_UIApplicationSupportsIndirectInputEvents = YES;
				INFOPLIST_KEY_UILaunchStoryboardName = LaunchScreen;
				INFOPLIST_KEY_UIMainStoryboardFile = Main;
				INFOPLIST_KEY_UISupportedInterfaceOrientations_iPad = "UIInterfaceOrientationPortrait UIInterfaceOrientationPortraitUpsideDown UIInterfaceOrientationLandscapeLeft UIInterfaceOrientationLandscapeRight";
				INFOPLIST_KEY_UISupportedInterfaceOrientations_iPhone = "UIInterfaceOrientationPortrait UIInterfaceOrientationLandscapeLeft UIInterfaceOrientationLandscapeRight";
				LD_RUNPATH_SEARCH_PATHS = (
					"$(inherited)",
					"@executable_path/Frameworks",
				);
				MARKETING_VERSION = 1.0;
				PRODUCT_BUNDLE_IDENTIFIER = com.hanwe.CapturePreventionKitSwift;
				PRODUCT_NAME = "$(TARGET_NAME)";
				SWIFT_EMIT_LOC_STRINGS = YES;
				SWIFT_VERSION = 5.0;
				TARGETED_DEVICE_FAMILY = "1,2";
			};
			name = Debug;
		};
		78F57B2A27FDBC8500F23921 /* Release */ = {
			isa = XCBuildConfiguration;
			buildSettings = {
				ASSETCATALOG_COMPILER_APPICON_NAME = AppIcon;
				ASSETCATALOG_COMPILER_GLOBAL_ACCENT_COLOR_NAME = AccentColor;
				CODE_SIGN_STYLE = Automatic;
				CURRENT_PROJECT_VERSION = 1;
				DEVELOPMENT_TEAM = P4ZJYAK634;
				GENERATE_INFOPLIST_FILE = YES;
				INFOPLIST_FILE = CapturePreventionKitSwift/Info.plist;
				INFOPLIST_KEY_UIApplicationSupportsIndirectInputEvents = YES;
				INFOPLIST_KEY_UILaunchStoryboardName = LaunchScreen;
				INFOPLIST_KEY_UIMainStoryboardFile = Main;
				INFOPLIST_KEY_UISupportedInterfaceOrientations_iPad = "UIInterfaceOrientationPortrait UIInterfaceOrientationPortraitUpsideDown UIInterfaceOrientationLandscapeLeft UIInterfaceOrientationLandscapeRight";
				INFOPLIST_KEY_UISupportedInterfaceOrientations_iPhone = "UIInterfaceOrientationPortrait UIInterfaceOrientationLandscapeLeft UIInterfaceOrientationLandscapeRight";
				LD_RUNPATH_SEARCH_PATHS = (
					"$(inherited)",
					"@executable_path/Frameworks",
				);
				MARKETING_VERSION = 1.0;
				PRODUCT_BUNDLE_IDENTIFIER = com.hanwe.CapturePreventionKitSwift;
				PRODUCT_NAME = "$(TARGET_NAME)";
				SWIFT_EMIT_LOC_STRINGS = YES;
				SWIFT_VERSION = 5.0;
				TARGETED_DEVICE_FAMILY = "1,2";
			};
			name = Release;
		};
/* End XCBuildConfiguration section */

/* Begin XCConfigurationList section */
		78F57B0F27FDBC8200F23921 /* Build configuration list for PBXProject "CapturePreventionKitSwift" */ = {
			isa = XCConfigurationList;
			buildConfigurations = (
				78F57B2627FDBC8500F23921 /* Debug */,
				78F57B2727FDBC8500F23921 /* Release */,
			);
			defaultConfigurationIsVisible = 0;
			defaultConfigurationName = Release;
		};
		78F57B2827FDBC8500F23921 /* Build configuration list for PBXNativeTarget "CapturePreventionKitSwift" */ = {
			isa = XCConfigurationList;
			buildConfigurations = (
				78F57B2927FDBC8500F23921 /* Debug */,
				78F57B2A27FDBC8500F23921 /* Release */,
			);
			defaultConfigurationIsVisible = 0;
			defaultConfigurationName = Release;
		};
/* End XCConfigurationList section */
	};
	rootObject = 78F57B0C27FDBC8200F23921 /* Project object */;
}
